# This file is generated by running "yarn install" inside your project.
# Manual changes might be lost - proceed with caution!

__metadata:
  version: 4
  cacheKey: 7

"@popperjs/core@npm:^2.9.0":
  version: 2.11.6
  resolution: "@popperjs/core@npm:2.11.6"
  checksum: 10acbe5f2f5da384063f057a3c9d3f9166c24f93603ddf4141e1fb231e42a9a64c647785733769dba41ee31c008ae9903541ee03f20c03c7b68122933b2875cc
  languageName: node
  linkType: hard

"animejs@npm:^3.2.1":
  version: 3.2.1
  resolution: "animejs@npm:3.2.1"
  checksum: 01f2d38c69a9001b78a3f2b3c16d4db5481b6e0861bd05d590b23d13f69e7853dfdd299ff79cb7ef9d20172619f122738f6e1ea97f763be5fee3c8fb1e9154b5
  languageName: node
  linkType: hard

"bigpicture@git+https://github.com/fundevogel/bigpicture.git":
  version: 2.5.3
  resolution: "bigpicture@https://github.com/fundevogel/bigpicture.git#commit=7a8f66767614360dde8678768c192078b699b744"
  checksum: 0667aa662b1a5e7e08a848ca586387bd236d6eb013de0f6b5ca4c810572d7b594ffd43b5f9e305e87c77233939074c9efbedfd9d29e80bb106ad4713adceb264
  languageName: node
  linkType: hard

"lazysizes@npm:^5.3.2":
  version: 5.3.2
  resolution: "lazysizes@npm:5.3.2"
  checksum: 47d3c3fee465cd37730fbd80a540e8655db05a72ceda7fd2ae3f3bb475119f96b6a5c0107d58cb0ea148c547411a4293945f594793cc4b60bb7160e0d6b799a6
  languageName: node
  linkType: hard

"root-workspace-0b6124@workspace:.":
  version: 0.0.0-use.local
  resolution: "root-workspace-0b6124@workspace:."
  dependencies:
    animejs: ^3.2.1
    bigpicture: "git+https://github.com/fundevogel/bigpicture.git"
    lazysizes: ^5.3.2
    tippy.js: ^6.3.7
    yarn: ^2.4.3
  languageName: unknown
  linkType: soft

"tippy.js@npm:^6.3.7":
  version: 6.3.7
  resolution: "tippy.js@npm:6.3.7"
  dependencies:
    "@popperjs/core": ^2.9.0
  checksum: 15780d305093ae6a789068afdafd72dc70f67a29dcc587be3b20df8e7590655cc765912d8d544dfd8a338d3d50cdb8ad4949469b337159c63f6efadea7839181
  languageName: node
  linkType: hard

"yarn@npm:^2.4.3":
  version: 2.4.3
  resolution: "yarn@npm:2.4.3"
  bin:
    yarn: ./bin/yarn.js
    yarnpkg: ./bin/yarn.js
  checksum: 22ab14d593442a084eadd31d6c1a4374fee290d74594f1e01182d35487e717228441735e13847c073f7618a0a75081678b24a562c83c7a8842c6ec90ed811456
  languageName: node
  linkType: hard
